
Microsoft Visual Studio Solution File, Format Version 12.00
# Visual Studio 2013
VisualStudioVersion = 12.0.21005.1
MinimumVisualStudioVersion = 10.0.40219.1
Project("{FAE04EC0-301F-11D3-BF4B-00C04F79EFBC}") = "ManagedClient", "ManagedClient\ManagedClient.csproj", "{727C0B37-1E31-49BB-927A-A93DAC558C52}"
EndProject
Project("{FAE04EC0-301F-11D3-BF4B-00C04F79EFBC}") = "IrbisUI", "IrbisUI\IrbisUI.csproj", "{AEEBB65D-1023-4AC2-A280-4639E085CDB5}"
EndProject
Project("{FAE04EC0-301F-11D3-BF4B-00C04F79EFBC}") = "UnitTests", "UnitTests\UnitTests.csproj", "{FB0B6071-ECC9-471B-A910-0F44C45888ED}"
EndProject
Project("{FAE04EC0-301F-11D3-BF4B-00C04F79EFBC}") = "AM.Core", "AM.Core\AM.Core.csproj", "{1126394A-4392-4341-8DDD-69B5C3E884D2}"
EndProject
Project("{FAE04EC0-301F-11D3-BF4B-00C04F79EFBC}") = "MoonIrbis", "MoonIrbis\MoonIrbis.csproj", "{6CCBB4F4-FA97-4153-BB0B-BD84772DC8B5}"
EndProject
Project("{FAE04EC0-301F-11D3-BF4B-00C04F79EFBC}") = "AM.Rfid", "AM.Rfid\AM.Rfid.csproj", "{51481C63-5D59-4AE1-927A-C94276B63C72}"
EndProject
Project("{2150E333-8FDC-42A3-9474-1A3956D46DE8}") = "Solution Items", "Solution Items", "{034D2184-D20E-4AF5-A8E1-88E447936881}"
EndProject
Project("{2150E333-8FDC-42A3-9474-1A3956D46DE8}") = "TestData", "TestData", "{7AB1D380-3D8D-4FCF-8B17-DCEA98B4B2B7}"
	ProjectSection(SolutionItems) = preProject
		TestData\IniFile1.ini = TestData\IniFile1.ini
	EndProjectSection
EndProject
Project("{FAE04EC0-301F-11D3-BF4B-00C04F79EFBC}") = "Benchmarks", "Benchmarks\Benchmarks.csproj", "{240191C0-8F75-4362-916A-6BC1ECF09382}"
EndProject
Project("{2150E333-8FDC-42A3-9474-1A3956D46DE8}") = "Examples", "Examples", "{C21AE153-D009-4BFE-A295-D5789F5975E9}"
EndProject
Project("{2150E333-8FDC-42A3-9474-1A3956D46DE8}") = "AM", "AM", "{60B4A76C-D6FC-4612-92E1-B50413564937}"
EndProject
Project("{2150E333-8FDC-42A3-9474-1A3956D46DE8}") = "Collections", "Collections", "{F02D20FB-0361-409B-9286-2396C9272266}"
EndProject
Project("{2150E333-8FDC-42A3-9474-1A3956D46DE8}") = "ManagedClient", "ManagedClient", "{55821755-FED1-4B1C-951E-1610A11C82AA}"
EndProject
Project("{FAE04EC0-301F-11D3-BF4B-00C04F79EFBC}") = "IrbisTestRunner", "IrbisTestRunner\IrbisTestRunner.csproj", "{462F6E9F-AEA9-4867-BA16-B29A07619856}"
EndProject
Global
	GlobalSection(SolutionConfigurationPlatforms) = preSolution
		Debug|Any CPU = Debug|Any CPU
		Release|Any CPU = Release|Any CPU
	EndGlobalSection
	GlobalSection(ProjectConfigurationPlatforms) = postSolution
		{727C0B37-1E31-49BB-927A-A93DAC558C52}.Debug|Any CPU.ActiveCfg = Debug|Any CPU
		{727C0B37-1E31-49BB-927A-A93DAC558C52}.Debug|Any CPU.Build.0 = Debug|Any CPU
		{727C0B37-1E31-49BB-927A-A93DAC558C52}.Release|Any CPU.ActiveCfg = Release|Any CPU
		{727C0B37-1E31-49BB-927A-A93DAC558C52}.Release|Any CPU.Build.0 = Release|Any CPU
		{AEEBB65D-1023-4AC2-A280-4639E085CDB5}.Debug|Any CPU.ActiveCfg = Debug|Any CPU
		{AEEBB65D-1023-4AC2-A280-4639E085CDB5}.Debug|Any CPU.Build.0 = Debug|Any CPU
		{AEEBB65D-1023-4AC2-A280-4639E085CDB5}.Release|Any CPU.ActiveCfg = Release|Any CPU
		{AEEBB65D-1023-4AC2-A280-4639E085CDB5}.Release|Any CPU.Build.0 = Release|Any CPU
		{FB0B6071-ECC9-471B-A910-0F44C45888ED}.Debug|Any CPU.ActiveCfg = Debug|Any CPU
		{FB0B6071-ECC9-471B-A910-0F44C45888ED}.Debug|Any CPU.Build.0 = Debug|Any CPU
		{FB0B6071-ECC9-471B-A910-0F44C45888ED}.Release|Any CPU.ActiveCfg = Release|Any CPU
		{FB0B6071-ECC9-471B-A910-0F44C45888ED}.Release|Any CPU.Build.0 = Release|Any CPU
		{1126394A-4392-4341-8DDD-69B5C3E884D2}.Debug|Any CPU.ActiveCfg = Debug|Any CPU
		{1126394A-4392-4341-8DDD-69B5C3E884D2}.Debug|Any CPU.Build.0 = Debug|Any CPU
		{1126394A-4392-4341-8DDD-69B5C3E884D2}.Release|Any CPU.ActiveCfg = Release|Any CPU
		{1126394A-4392-4341-8DDD-69B5C3E884D2}.Release|Any CPU.Build.0 = Release|Any CPU
		{6CCBB4F4-FA97-4153-BB0B-BD84772DC8B5}.Debug|Any CPU.ActiveCfg = Debug|Any CPU
		{6CCBB4F4-FA97-4153-BB0B-BD84772DC8B5}.Debug|Any CPU.Build.0 = Debug|Any CPU
		{6CCBB4F4-FA97-4153-BB0B-BD84772DC8B5}.Release|Any CPU.ActiveCfg = Release|Any CPU
		{6CCBB4F4-FA97-4153-BB0B-BD84772DC8B5}.Release|Any CPU.Build.0 = Release|Any CPU
		{51481C63-5D59-4AE1-927A-C94276B63C72}.Debug|Any CPU.ActiveCfg = Debug|Any CPU
		{51481C63-5D59-4AE1-927A-C94276B63C72}.Debug|Any CPU.Build.0 = Debug|Any CPU
		{51481C63-5D59-4AE1-927A-C94276B63C72}.Release|Any CPU.ActiveCfg = Release|Any CPU
		{51481C63-5D59-4AE1-927A-C94276B63C72}.Release|Any CPU.Build.0 = Release|Any CPU
		{240191C0-8F75-4362-916A-6BC1ECF09382}.Debug|Any CPU.ActiveCfg = Debug|Any CPU
		{240191C0-8F75-4362-916A-6BC1ECF09382}.Debug|Any CPU.Build.0 = Debug|Any CPU
		{240191C0-8F75-4362-916A-6BC1ECF09382}.Release|Any CPU.ActiveCfg = Release|Any CPU
		{240191C0-8F75-4362-916A-6BC1ECF09382}.Release|Any CPU.Build.0 = Release|Any CPU
		{462F6E9F-AEA9-4867-BA16-B29A07619856}.Debug|Any CPU.ActiveCfg = Debug|Any CPU
		{462F6E9F-AEA9-4867-BA16-B29A07619856}.Debug|Any CPU.Build.0 = Debug|Any CPU
		{462F6E9F-AEA9-4867-BA16-B29A07619856}.Release|Any CPU.ActiveCfg = Release|Any CPU
		{462F6E9F-AEA9-4867-BA16-B29A07619856}.Release|Any CPU.Build.0 = Release|Any CPU
	EndGlobalSection
	GlobalSection(SolutionProperties) = preSolution
		HideSolutionNode = FALSE
	EndGlobalSection
	GlobalSection(NestedProjects) = preSolution
		{7AB1D380-3D8D-4FCF-8B17-DCEA98B4B2B7} = {034D2184-D20E-4AF5-A8E1-88E447936881}
		{C21AE153-D009-4BFE-A295-D5789F5975E9} = {034D2184-D20E-4AF5-A8E1-88E447936881}
		{60B4A76C-D6FC-4612-92E1-B50413564937} = {C21AE153-D009-4BFE-A295-D5789F5975E9}
		{55821755-FED1-4B1C-951E-1610A11C82AA} = {C21AE153-D009-4BFE-A295-D5789F5975E9}
		{F02D20FB-0361-409B-9286-2396C9272266} = {60B4A76C-D6FC-4612-92E1-B50413564937}
	EndGlobalSection
EndGlobal
