
Microsoft Visual Studio Solution File, Format Version 12.00
# Visual Studio 2013
VisualStudioVersion = 12.0.21005.1
MinimumVisualStudioVersion = 10.0.40219.1
Project("{FAE04EC0-301F-11D3-BF4B-00C04F79EFBC}") = "ManagedClient", "ManagedClient\ManagedClient.csproj", "{727C0B37-1E31-49BB-927A-A93DAC558C52}"
EndProject
Project("{FAE04EC0-301F-11D3-BF4B-00C04F79EFBC}") = "IrbisUI", "IrbisUI\IrbisUI.csproj", "{AEEBB65D-1023-4AC2-A280-4639E085CDB5}"
EndProject
Global
	GlobalSection(SolutionConfigurationPlatforms) = preSolution
		Debug|Any CPU = Debug|Any CPU
		Release|Any CPU = Release|Any CPU
	EndGlobalSection
	GlobalSection(ProjectConfigurationPlatforms) = postSolution
		{727C0B37-1E31-49BB-927A-A93DAC558C52}.Debug|Any CPU.ActiveCfg = Debug|Any CPU
		{727C0B37-1E31-49BB-927A-A93DAC558C52}.Debug|Any CPU.Build.0 = Debug|Any CPU
		{727C0B37-1E31-49BB-927A-A93DAC558C52}.Release|Any CPU.ActiveCfg = Release|Any CPU
		{727C0B37-1E31-49BB-927A-A93DAC558C52}.Release|Any CPU.Build.0 = Release|Any CPU
		{AEEBB65D-1023-4AC2-A280-4639E085CDB5}.Debug|Any CPU.ActiveCfg = Debug|Any CPU
		{AEEBB65D-1023-4AC2-A280-4639E085CDB5}.Debug|Any CPU.Build.0 = Debug|Any CPU
		{AEEBB65D-1023-4AC2-A280-4639E085CDB5}.Release|Any CPU.ActiveCfg = Release|Any CPU
		{AEEBB65D-1023-4AC2-A280-4639E085CDB5}.Release|Any CPU.Build.0 = Release|Any CPU
	EndGlobalSection
	GlobalSection(SolutionProperties) = preSolution
		HideSolutionNode = FALSE
	EndGlobalSection
EndGlobal
