
Microsoft Visual Studio Solution File, Format Version 12.00
# Visual Studio 15
VisualStudioVersion = 15.0.27130.2010
MinimumVisualStudioVersion = 10.0.40219.1
Project("{FAE04EC0-301F-11D3-BF4B-00C04F79EFBC}") = "PatchRuntimeVersion", "PatchRuntimeVersion.csproj", "{CB0FD880-497A-4E0A-B49C-2C297761DE97}"
EndProject
Global
	GlobalSection(SolutionConfigurationPlatforms) = preSolution
		Debug|Any CPU = Debug|Any CPU
		Release|Any CPU = Release|Any CPU
	EndGlobalSection
	GlobalSection(ProjectConfigurationPlatforms) = postSolution
		{CB0FD880-497A-4E0A-B49C-2C297761DE97}.Debug|Any CPU.ActiveCfg = Debug|Any CPU
		{CB0FD880-497A-4E0A-B49C-2C297761DE97}.Debug|Any CPU.Build.0 = Debug|Any CPU
		{CB0FD880-497A-4E0A-B49C-2C297761DE97}.Release|Any CPU.ActiveCfg = Release|Any CPU
		{CB0FD880-497A-4E0A-B49C-2C297761DE97}.Release|Any CPU.Build.0 = Release|Any CPU
	EndGlobalSection
	GlobalSection(SolutionProperties) = preSolution
		HideSolutionNode = FALSE
	EndGlobalSection
	GlobalSection(ExtensibilityGlobals) = postSolution
		SolutionGuid = {5E066C9C-5A39-428B-9E5D-B1F64D7550AD}
	EndGlobalSection
EndGlobal
