
Microsoft Visual Studio Solution File, Format Version 12.00
# Visual Studio 15
VisualStudioVersion = 15.0.28010.2050
MinimumVisualStudioVersion = 10.0.40219.1
Project("{FAE04EC0-301F-11D3-BF4B-00C04F79EFBC}") = "BitrixAdapter", "BitrixAdapter\BitrixAdapter.csproj", "{D8988403-776A-4270-A9FE-1434FC975A1F}"
EndProject
Project("{FAE04EC0-301F-11D3-BF4B-00C04F79EFBC}") = "BitrixTests", "BitrixTests\BitrixTests.csproj", "{4E308A4E-A0C8-4A37-8AC2-7E6E765CB993}"
EndProject
Global
	GlobalSection(SolutionConfigurationPlatforms) = preSolution
		Debug|Any CPU = Debug|Any CPU
		Release|Any CPU = Release|Any CPU
	EndGlobalSection
	GlobalSection(ProjectConfigurationPlatforms) = postSolution
		{D8988403-776A-4270-A9FE-1434FC975A1F}.Debug|Any CPU.ActiveCfg = Debug|Any CPU
		{D8988403-776A-4270-A9FE-1434FC975A1F}.Debug|Any CPU.Build.0 = Debug|Any CPU
		{D8988403-776A-4270-A9FE-1434FC975A1F}.Release|Any CPU.ActiveCfg = Release|Any CPU
		{D8988403-776A-4270-A9FE-1434FC975A1F}.Release|Any CPU.Build.0 = Release|Any CPU
		{4E308A4E-A0C8-4A37-8AC2-7E6E765CB993}.Debug|Any CPU.ActiveCfg = Debug|Any CPU
		{4E308A4E-A0C8-4A37-8AC2-7E6E765CB993}.Debug|Any CPU.Build.0 = Debug|Any CPU
		{4E308A4E-A0C8-4A37-8AC2-7E6E765CB993}.Release|Any CPU.ActiveCfg = Release|Any CPU
		{4E308A4E-A0C8-4A37-8AC2-7E6E765CB993}.Release|Any CPU.Build.0 = Release|Any CPU
	EndGlobalSection
	GlobalSection(SolutionProperties) = preSolution
		HideSolutionNode = FALSE
	EndGlobalSection
	GlobalSection(ExtensibilityGlobals) = postSolution
		SolutionGuid = {3C53E16A-B35C-4F1E-BE89-40A54FEF15AA}
	EndGlobalSection
EndGlobal
