
Microsoft Visual Studio Solution File, Format Version 10.00
# Visual Studio 2008
Project("{FAE04EC0-301F-11D3-BF4B-00C04F79EFBC}") = "AM.Core", "AM.Core\AM.Core.csproj", "{5EB159AC-C548-4B35-AE16-A173983F5A98}"
EndProject
Project("{FAE04EC0-301F-11D3-BF4B-00C04F79EFBC}") = "ManagedIrbis", "ManagedIrbis\ManagedIrbis.csproj", "{2A9B1508-57AB-493D-B478-A78F9AFAD27B}"
EndProject
Global
	GlobalSection(SolutionConfigurationPlatforms) = preSolution
		Debug|Any CPU = Debug|Any CPU
		Release|Any CPU = Release|Any CPU
	EndGlobalSection
	GlobalSection(ProjectConfigurationPlatforms) = postSolution
		{5EB159AC-C548-4B35-AE16-A173983F5A98}.Debug|Any CPU.ActiveCfg = Debug|Any CPU
		{5EB159AC-C548-4B35-AE16-A173983F5A98}.Debug|Any CPU.Build.0 = Debug|Any CPU
		{5EB159AC-C548-4B35-AE16-A173983F5A98}.Release|Any CPU.ActiveCfg = Release|Any CPU
		{5EB159AC-C548-4B35-AE16-A173983F5A98}.Release|Any CPU.Build.0 = Release|Any CPU
		{2A9B1508-57AB-493D-B478-A78F9AFAD27B}.Debug|Any CPU.ActiveCfg = Debug|Any CPU
		{2A9B1508-57AB-493D-B478-A78F9AFAD27B}.Debug|Any CPU.Build.0 = Debug|Any CPU
		{2A9B1508-57AB-493D-B478-A78F9AFAD27B}.Release|Any CPU.ActiveCfg = Release|Any CPU
		{2A9B1508-57AB-493D-B478-A78F9AFAD27B}.Release|Any CPU.Build.0 = Release|Any CPU
	EndGlobalSection
	GlobalSection(SolutionProperties) = preSolution
		HideSolutionNode = FALSE
	EndGlobalSection
EndGlobal
