
Microsoft Visual Studio Solution File, Format Version 12.00
Project("{FAE04EC0-301F-11D3-BF4B-00C04F79EFBC}") = "ListV", "ListV.csproj", "{5BEC8BC6-67D8-476D-918E-F6F2E2120A05}"
EndProject
Global
	GlobalSection(SolutionConfigurationPlatforms) = preSolution
		Debug|Any CPU = Debug|Any CPU
		Release|Any CPU = Release|Any CPU
	EndGlobalSection
	GlobalSection(ProjectConfigurationPlatforms) = postSolution
		{5BEC8BC6-67D8-476D-918E-F6F2E2120A05}.Debug|Any CPU.ActiveCfg = Debug|Any CPU
		{5BEC8BC6-67D8-476D-918E-F6F2E2120A05}.Debug|Any CPU.Build.0 = Debug|Any CPU
		{5BEC8BC6-67D8-476D-918E-F6F2E2120A05}.Release|Any CPU.ActiveCfg = Release|Any CPU
		{5BEC8BC6-67D8-476D-918E-F6F2E2120A05}.Release|Any CPU.Build.0 = Release|Any CPU
	EndGlobalSection
EndGlobal
