
Microsoft Visual Studio Solution File, Format Version 12.00
Project("{FAE04EC0-301F-11D3-BF4B-00C04F79EFBC}") = "PalatkaOff", "PalatkaOff.csproj", "{9F370D3A-93B7-4945-9AE8-046336A73CDB}"
EndProject
Global
	GlobalSection(SolutionConfigurationPlatforms) = preSolution
		Debug|Any CPU = Debug|Any CPU
		Release|Any CPU = Release|Any CPU
	EndGlobalSection
	GlobalSection(ProjectConfigurationPlatforms) = postSolution
		{9F370D3A-93B7-4945-9AE8-046336A73CDB}.Debug|Any CPU.ActiveCfg = Debug|Any CPU
		{9F370D3A-93B7-4945-9AE8-046336A73CDB}.Debug|Any CPU.Build.0 = Debug|Any CPU
		{9F370D3A-93B7-4945-9AE8-046336A73CDB}.Release|Any CPU.ActiveCfg = Release|Any CPU
		{9F370D3A-93B7-4945-9AE8-046336A73CDB}.Release|Any CPU.Build.0 = Release|Any CPU
	EndGlobalSection
EndGlobal
