
Microsoft Visual Studio Solution File, Format Version 12.00
# Visual Studio 15
VisualStudioVersion = 15.0.28307.168
MinimumVisualStudioVersion = 10.0.40219.1
Project("{FAE04EC0-301F-11D3-BF4B-00C04F79EFBC}") = "WpfRfid", "WpfRfid.csproj", "{1BC7BB8E-AD4C-48C4-96D0-13BB142681CD}"
EndProject
Global
	GlobalSection(SolutionConfigurationPlatforms) = preSolution
		Debug|Any CPU = Debug|Any CPU
		Release|Any CPU = Release|Any CPU
	EndGlobalSection
	GlobalSection(ProjectConfigurationPlatforms) = postSolution
		{1BC7BB8E-AD4C-48C4-96D0-13BB142681CD}.Debug|Any CPU.ActiveCfg = Debug|Any CPU
		{1BC7BB8E-AD4C-48C4-96D0-13BB142681CD}.Debug|Any CPU.Build.0 = Debug|Any CPU
		{1BC7BB8E-AD4C-48C4-96D0-13BB142681CD}.Release|Any CPU.ActiveCfg = Release|Any CPU
		{1BC7BB8E-AD4C-48C4-96D0-13BB142681CD}.Release|Any CPU.Build.0 = Release|Any CPU
	EndGlobalSection
	GlobalSection(SolutionProperties) = preSolution
		HideSolutionNode = FALSE
	EndGlobalSection
	GlobalSection(ExtensibilityGlobals) = postSolution
		SolutionGuid = {5C676861-23D5-4AC5-AF20-2FC18B1190DB}
	EndGlobalSection
EndGlobal
