
Microsoft Visual Studio Solution File, Format Version 12.00
# Visual Studio 2013
VisualStudioVersion = 14.0.25420.1
MinimumVisualStudioVersion = 10.0.40219.1
Project("{FAE04EC0-301F-11D3-BF4B-00C04F79EFBC}") = "AM.Core", "AM.Core\AM.Core.csproj", "{E791C80D-3460-4D13-A1F3-4B3846B1D754}"
EndProject
Project("{FAE04EC0-301F-11D3-BF4B-00C04F79EFBC}") = "ManagedIrbis", "ManagedIrbis\ManagedIrbis.csproj", "{0F16D1DD-2D8A-4C41-A7BD-81C3D15D682F}"
EndProject
Project("{FAE04EC0-301F-11D3-BF4B-00C04F79EFBC}") = "RestfulIrbis", "RestfulIrbis\RestfulIrbis.csproj", "{D33132C3-6302-41B6-BDD8-53A25D004992}"
EndProject
Project("{FAE04EC0-301F-11D3-BF4B-00C04F79EFBC}") = "AM.AOT", "AM.AOT\AM.AOT.csproj", "{B0FB5A24-2A7C-4722-A1D3-E6344D34F067}"
EndProject
Global
	GlobalSection(SolutionConfigurationPlatforms) = preSolution
		Debug|Any CPU = Debug|Any CPU
		Debug|ARM = Debug|ARM
		Debug|x64 = Debug|x64
		Debug|x86 = Debug|x86
		Release|Any CPU = Release|Any CPU
		Release|ARM = Release|ARM
		Release|x64 = Release|x64
		Release|x86 = Release|x86
	EndGlobalSection
	GlobalSection(ProjectConfigurationPlatforms) = postSolution
		{E791C80D-3460-4D13-A1F3-4B3846B1D754}.Debug|Any CPU.ActiveCfg = Debug|Any CPU
		{E791C80D-3460-4D13-A1F3-4B3846B1D754}.Debug|Any CPU.Build.0 = Debug|Any CPU
		{E791C80D-3460-4D13-A1F3-4B3846B1D754}.Debug|ARM.ActiveCfg = Debug|ARM
		{E791C80D-3460-4D13-A1F3-4B3846B1D754}.Debug|ARM.Build.0 = Debug|ARM
		{E791C80D-3460-4D13-A1F3-4B3846B1D754}.Debug|x64.ActiveCfg = Debug|x64
		{E791C80D-3460-4D13-A1F3-4B3846B1D754}.Debug|x64.Build.0 = Debug|x64
		{E791C80D-3460-4D13-A1F3-4B3846B1D754}.Debug|x86.ActiveCfg = Debug|x86
		{E791C80D-3460-4D13-A1F3-4B3846B1D754}.Debug|x86.Build.0 = Debug|x86
		{E791C80D-3460-4D13-A1F3-4B3846B1D754}.Release|Any CPU.ActiveCfg = Release|Any CPU
		{E791C80D-3460-4D13-A1F3-4B3846B1D754}.Release|Any CPU.Build.0 = Release|Any CPU
		{E791C80D-3460-4D13-A1F3-4B3846B1D754}.Release|ARM.ActiveCfg = Release|ARM
		{E791C80D-3460-4D13-A1F3-4B3846B1D754}.Release|ARM.Build.0 = Release|ARM
		{E791C80D-3460-4D13-A1F3-4B3846B1D754}.Release|x64.ActiveCfg = Release|x64
		{E791C80D-3460-4D13-A1F3-4B3846B1D754}.Release|x64.Build.0 = Release|x64
		{E791C80D-3460-4D13-A1F3-4B3846B1D754}.Release|x86.ActiveCfg = Release|x86
		{E791C80D-3460-4D13-A1F3-4B3846B1D754}.Release|x86.Build.0 = Release|x86
		{0F16D1DD-2D8A-4C41-A7BD-81C3D15D682F}.Debug|Any CPU.ActiveCfg = Debug|Any CPU
		{0F16D1DD-2D8A-4C41-A7BD-81C3D15D682F}.Debug|Any CPU.Build.0 = Debug|Any CPU
		{0F16D1DD-2D8A-4C41-A7BD-81C3D15D682F}.Debug|ARM.ActiveCfg = Debug|ARM
		{0F16D1DD-2D8A-4C41-A7BD-81C3D15D682F}.Debug|ARM.Build.0 = Debug|ARM
		{0F16D1DD-2D8A-4C41-A7BD-81C3D15D682F}.Debug|x64.ActiveCfg = Debug|x64
		{0F16D1DD-2D8A-4C41-A7BD-81C3D15D682F}.Debug|x64.Build.0 = Debug|x64
		{0F16D1DD-2D8A-4C41-A7BD-81C3D15D682F}.Debug|x86.ActiveCfg = Debug|x86
		{0F16D1DD-2D8A-4C41-A7BD-81C3D15D682F}.Debug|x86.Build.0 = Debug|x86
		{0F16D1DD-2D8A-4C41-A7BD-81C3D15D682F}.Release|Any CPU.ActiveCfg = Release|Any CPU
		{0F16D1DD-2D8A-4C41-A7BD-81C3D15D682F}.Release|Any CPU.Build.0 = Release|Any CPU
		{0F16D1DD-2D8A-4C41-A7BD-81C3D15D682F}.Release|ARM.ActiveCfg = Release|ARM
		{0F16D1DD-2D8A-4C41-A7BD-81C3D15D682F}.Release|ARM.Build.0 = Release|ARM
		{0F16D1DD-2D8A-4C41-A7BD-81C3D15D682F}.Release|x64.ActiveCfg = Release|x64
		{0F16D1DD-2D8A-4C41-A7BD-81C3D15D682F}.Release|x64.Build.0 = Release|x64
		{0F16D1DD-2D8A-4C41-A7BD-81C3D15D682F}.Release|x86.ActiveCfg = Release|x86
		{0F16D1DD-2D8A-4C41-A7BD-81C3D15D682F}.Release|x86.Build.0 = Release|x86
		{D33132C3-6302-41B6-BDD8-53A25D004992}.Debug|Any CPU.ActiveCfg = Debug|Any CPU
		{D33132C3-6302-41B6-BDD8-53A25D004992}.Debug|Any CPU.Build.0 = Debug|Any CPU
		{D33132C3-6302-41B6-BDD8-53A25D004992}.Debug|ARM.ActiveCfg = Debug|ARM
		{D33132C3-6302-41B6-BDD8-53A25D004992}.Debug|ARM.Build.0 = Debug|ARM
		{D33132C3-6302-41B6-BDD8-53A25D004992}.Debug|x64.ActiveCfg = Debug|x64
		{D33132C3-6302-41B6-BDD8-53A25D004992}.Debug|x64.Build.0 = Debug|x64
		{D33132C3-6302-41B6-BDD8-53A25D004992}.Debug|x86.ActiveCfg = Debug|x86
		{D33132C3-6302-41B6-BDD8-53A25D004992}.Debug|x86.Build.0 = Debug|x86
		{D33132C3-6302-41B6-BDD8-53A25D004992}.Release|Any CPU.ActiveCfg = Release|Any CPU
		{D33132C3-6302-41B6-BDD8-53A25D004992}.Release|Any CPU.Build.0 = Release|Any CPU
		{D33132C3-6302-41B6-BDD8-53A25D004992}.Release|ARM.ActiveCfg = Release|ARM
		{D33132C3-6302-41B6-BDD8-53A25D004992}.Release|ARM.Build.0 = Release|ARM
		{D33132C3-6302-41B6-BDD8-53A25D004992}.Release|x64.ActiveCfg = Release|x64
		{D33132C3-6302-41B6-BDD8-53A25D004992}.Release|x64.Build.0 = Release|x64
		{D33132C3-6302-41B6-BDD8-53A25D004992}.Release|x86.ActiveCfg = Release|x86
		{D33132C3-6302-41B6-BDD8-53A25D004992}.Release|x86.Build.0 = Release|x86
		{B0FB5A24-2A7C-4722-A1D3-E6344D34F067}.Debug|Any CPU.ActiveCfg = Debug|Any CPU
		{B0FB5A24-2A7C-4722-A1D3-E6344D34F067}.Debug|Any CPU.Build.0 = Debug|Any CPU
		{B0FB5A24-2A7C-4722-A1D3-E6344D34F067}.Debug|ARM.ActiveCfg = Debug|ARM
		{B0FB5A24-2A7C-4722-A1D3-E6344D34F067}.Debug|ARM.Build.0 = Debug|ARM
		{B0FB5A24-2A7C-4722-A1D3-E6344D34F067}.Debug|x64.ActiveCfg = Debug|x64
		{B0FB5A24-2A7C-4722-A1D3-E6344D34F067}.Debug|x64.Build.0 = Debug|x64
		{B0FB5A24-2A7C-4722-A1D3-E6344D34F067}.Debug|x86.ActiveCfg = Debug|x86
		{B0FB5A24-2A7C-4722-A1D3-E6344D34F067}.Debug|x86.Build.0 = Debug|x86
		{B0FB5A24-2A7C-4722-A1D3-E6344D34F067}.Release|Any CPU.ActiveCfg = Release|Any CPU
		{B0FB5A24-2A7C-4722-A1D3-E6344D34F067}.Release|Any CPU.Build.0 = Release|Any CPU
		{B0FB5A24-2A7C-4722-A1D3-E6344D34F067}.Release|ARM.ActiveCfg = Release|ARM
		{B0FB5A24-2A7C-4722-A1D3-E6344D34F067}.Release|ARM.Build.0 = Release|ARM
		{B0FB5A24-2A7C-4722-A1D3-E6344D34F067}.Release|x64.ActiveCfg = Release|x64
		{B0FB5A24-2A7C-4722-A1D3-E6344D34F067}.Release|x64.Build.0 = Release|x64
		{B0FB5A24-2A7C-4722-A1D3-E6344D34F067}.Release|x86.ActiveCfg = Release|x86
		{B0FB5A24-2A7C-4722-A1D3-E6344D34F067}.Release|x86.Build.0 = Release|x86
	EndGlobalSection
	GlobalSection(SolutionProperties) = preSolution
		HideSolutionNode = FALSE
	EndGlobalSection
EndGlobal
