
Microsoft Visual Studio Solution File, Format Version 12.00
# Visual Studio 2013
VisualStudioVersion = 12.0.21005.1
MinimumVisualStudioVersion = 10.0.40219.1
Project("{FAE04EC0-301F-11D3-BF4B-00C04F79EFBC}") = "ManagedIrbis", "Classic\Libs\ManagedIrbis\ManagedIrbis.csproj", "{727C0B37-1E31-49BB-927A-A93DAC558C52}"
EndProject
Project("{FAE04EC0-301F-11D3-BF4B-00C04F79EFBC}") = "IrbisUI", "Classic\Libs\IrbisUI\IrbisUI.csproj", "{AEEBB65D-1023-4AC2-A280-4639E085CDB5}"
EndProject
Project("{FAE04EC0-301F-11D3-BF4B-00C04F79EFBC}") = "UnitTests", "UnitTests\UnitTests.csproj", "{FB0B6071-ECC9-471B-A910-0F44C45888ED}"
EndProject
Project("{FAE04EC0-301F-11D3-BF4B-00C04F79EFBC}") = "AM.Core", "Classic\Libs\AM.Core\AM.Core.csproj", "{1126394A-4392-4341-8DDD-69B5C3E884D2}"
EndProject
Project("{FAE04EC0-301F-11D3-BF4B-00C04F79EFBC}") = "MoonIrbis", "Classic\Apps\MoonIrbis\MoonIrbis.csproj", "{6CCBB4F4-FA97-4153-BB0B-BD84772DC8B5}"
EndProject
Project("{FAE04EC0-301F-11D3-BF4B-00C04F79EFBC}") = "AM.Rfid", "Classic\Libs\AM.Rfid\AM.Rfid.csproj", "{51481C63-5D59-4AE1-927A-C94276B63C72}"
EndProject
Project("{FAE04EC0-301F-11D3-BF4B-00C04F79EFBC}") = "IrbisTestRunner", "Classic\Apps\IrbisTestRunner\IrbisTestRunner.csproj", "{462F6E9F-AEA9-4867-BA16-B29A07619856}"
EndProject
Project("{FAE04EC0-301F-11D3-BF4B-00C04F79EFBC}") = "IrbisCeptor", "Classic\Apps\IrbisCeptor\IrbisCeptor.csproj", "{B62CB374-31D6-430D-A1E5-9AC2F8461B0E}"
EndProject
Project("{FAE04EC0-301F-11D3-BF4B-00C04F79EFBC}") = "AnyCmd", "Classic\Apps\AnyCmd\AnyCmd.csproj", "{FE1A92DD-0F4E-45FC-AB29-405C701298FA}"
EndProject
Project("{2150E333-8FDC-42A3-9474-1A3956D46DE8}") = "Apps", "Apps", "{AB1C50A9-6C0A-4A9C-9AB2-CC1AAEAB10B9}"
EndProject
Project("{FAE04EC0-301F-11D3-BF4B-00C04F79EFBC}") = "SharpIrbis.Console", "Classic\Apps\SharpIrbis.Console\SharpIrbis.Console.csproj", "{7FC69DC5-96D0-460C-963B-81E5FE6057E4}"
EndProject
Project("{FAE04EC0-301F-11D3-BF4B-00C04F79EFBC}") = "SharpIrbis", "Classic\Apps\SharpIrbis\SharpIrbis.csproj", "{1A10E450-C592-4B01-B66F-632D0079CA3B}"
EndProject
Project("{FAE04EC0-301F-11D3-BF4B-00C04F79EFBC}") = "AM.Drawing", "Classic\Libs\AM.Drawing\AM.Drawing.csproj", "{F64C8161-D6E3-4D78-88DB-C1787F4FE981}"
EndProject
Project("{FAE04EC0-301F-11D3-BF4B-00C04F79EFBC}") = "AM.Windows.Forms", "Classic\Libs\AM.Windows.Forms\AM.Windows.Forms.csproj", "{C06E1D15-0D0D-44B3-BF74-1B2C616F9EE5}"
EndProject
Project("{FAE04EC0-301F-11D3-BF4B-00C04F79EFBC}") = "AM.Win32", "Classic\Libs\AM.Win32\AM.Win32.csproj", "{41452BE0-6F2D-4266-A104-79170A358A42}"
EndProject
Project("{2150E333-8FDC-42A3-9474-1A3956D46DE8}") = "Libs", "Libs", "{7233A430-352D-4BF2-B349-B3767E8E3EDE}"
EndProject
Project("{FAE04EC0-301F-11D3-BF4B-00C04F79EFBC}") = "UITests", "UITests\UITests.csproj", "{3E3D12F9-10B1-4C54-8214-36E04F9225C7}"
EndProject
Project("{FAE04EC0-301F-11D3-BF4B-00C04F79EFBC}") = "AM.Suggestions", "Classic\Libs\AM.Suggestions\AM.Suggestions.csproj", "{929CC021-A694-43C2-B7D0-57FB7734053A}"
EndProject
Project("{FAE04EC0-301F-11D3-BF4B-00C04F79EFBC}") = "AM.Istu", "Classic\Libs\AM.Istu\AM.Istu.csproj", "{440DDE7C-1DC1-4F35-AE7D-8E2595FB15A8}"
EndProject
Project("{FAE04EC0-301F-11D3-BF4B-00C04F79EFBC}") = "Garfield", "Classic\Apps\Garfield\Garfield.csproj", "{E1BD8F93-22AF-4ADD-9D19-482968C3635F}"
EndProject
Project("{FAE04EC0-301F-11D3-BF4B-00C04F79EFBC}") = "mx64", "Classic\Apps\mx64\mx64.csproj", "{976E9A89-20E4-485C-A91A-3FEB219495BC}"
EndProject
Project("{FAE04EC0-301F-11D3-BF4B-00C04F79EFBC}") = "AM.AOT", "Classic\Libs\AM.AOT\AM.AOT.csproj", "{0F99A08E-E08F-4FFE-884B-C27AD252E1D5}"
EndProject
Project("{FAE04EC0-301F-11D3-BF4B-00C04F79EFBC}") = "AM.Ocr", "Classic\Libs\AM.Ocr\AM.Ocr.csproj", "{AD2A34BD-2E69-48BB-B738-863D70B3E65F}"
EndProject
Project("{FAE04EC0-301F-11D3-BF4B-00C04F79EFBC}") = "PftTestRunner", "Classic\Apps\PftTestRunner\PftTestRunner.csproj", "{C0D3B812-17A9-446C-8F98-6066F35BC982}"
EndProject
Project("{FAE04EC0-301F-11D3-BF4B-00C04F79EFBC}") = "PftBench", "Classic\Apps\PftBench\PftBench.csproj", "{CE79DD1B-DC92-42BF-9AA9-579A264F9E72}"
EndProject
Project("{FAE04EC0-301F-11D3-BF4B-00C04F79EFBC}") = "BiblioPolice", "Classic\Apps\BiblioPolice\BiblioPolice.csproj", "{B51EC290-0462-4B8D-9762-E521A80688CB}"
EndProject
Project("{FAE04EC0-301F-11D3-BF4B-00C04F79EFBC}") = "Marsohod2017", "Classic\Apps\Marsohod2017\Marsohod2017.csproj", "{010E1BBD-BE45-4810-92D1-BF40EAC746DF}"
EndProject
Project("{FAE04EC0-301F-11D3-BF4B-00C04F79EFBC}") = "FstTestRunner", "Classic\Apps\FstTestRunner\FstTestRunner.csproj", "{A67AE778-8F3A-49B0-B68E-DD199E1AACC8}"
EndProject
Project("{FAE04EC0-301F-11D3-BF4B-00C04F79EFBC}") = "SiberianGrider", "Classic\Apps\SiberianGrider\SiberianGrider.csproj", "{AFABF0B3-AB8E-4521-9E9C-329D865E88F1}"
EndProject
Project("{2150E333-8FDC-42A3-9474-1A3956D46DE8}") = "Benchmarks", "Benchmarks", "{8EA7C732-C1B4-4E1A-B0F7-53D3E18F564A}"
EndProject
Project("{FAE04EC0-301F-11D3-BF4B-00C04F79EFBC}") = "NopBenchmark", "Benchmarks\NopBenchmark\NopBenchmark.csproj", "{D129596A-42D4-4C98-8315-0AF63F760E9E}"
EndProject
Project("{FAE04EC0-301F-11D3-BF4B-00C04F79EFBC}") = "EasyGlobal", "Classic\Apps\EasyGlobal\EasyGlobal.csproj", "{17A058ED-8470-464B-AAF7-BADC4A2AEF42}"
EndProject
Project("{FAE04EC0-301F-11D3-BF4B-00C04F79EFBC}") = "IrbisMonitor.Console", "Classic\Apps\IrbisMonitor.Console\IrbisMonitor.Console.csproj", "{8C110810-FEAB-499B-BEEE-506A72EDFF38}"
EndProject
Project("{FAE04EC0-301F-11D3-BF4B-00C04F79EFBC}") = "Proxy2017", "Classic\Apps\Proxy2017\Proxy2017.csproj", "{9C018A49-B8AC-4C5B-B572-717C25A28542}"
EndProject
Project("{FAE04EC0-301F-11D3-BF4B-00C04F79EFBC}") = "EasyBinder", "Classic\Apps\EasyBinder\EasyBinder.csproj", "{A96A4017-26D0-4EB9-B4B2-C533A7165D42}"
EndProject
Global
	GlobalSection(SolutionConfigurationPlatforms) = preSolution
		Debug|Any CPU = Debug|Any CPU
		Release|Any CPU = Release|Any CPU
	EndGlobalSection
	GlobalSection(ProjectConfigurationPlatforms) = postSolution
		{727C0B37-1E31-49BB-927A-A93DAC558C52}.Debug|Any CPU.ActiveCfg = Debug|Any CPU
		{727C0B37-1E31-49BB-927A-A93DAC558C52}.Debug|Any CPU.Build.0 = Debug|Any CPU
		{727C0B37-1E31-49BB-927A-A93DAC558C52}.Release|Any CPU.ActiveCfg = Release|Any CPU
		{727C0B37-1E31-49BB-927A-A93DAC558C52}.Release|Any CPU.Build.0 = Release|Any CPU
		{AEEBB65D-1023-4AC2-A280-4639E085CDB5}.Debug|Any CPU.ActiveCfg = Debug|Any CPU
		{AEEBB65D-1023-4AC2-A280-4639E085CDB5}.Debug|Any CPU.Build.0 = Debug|Any CPU
		{AEEBB65D-1023-4AC2-A280-4639E085CDB5}.Release|Any CPU.ActiveCfg = Release|Any CPU
		{AEEBB65D-1023-4AC2-A280-4639E085CDB5}.Release|Any CPU.Build.0 = Release|Any CPU
		{FB0B6071-ECC9-471B-A910-0F44C45888ED}.Debug|Any CPU.ActiveCfg = Debug|Any CPU
		{FB0B6071-ECC9-471B-A910-0F44C45888ED}.Debug|Any CPU.Build.0 = Debug|Any CPU
		{FB0B6071-ECC9-471B-A910-0F44C45888ED}.Release|Any CPU.ActiveCfg = Release|Any CPU
		{FB0B6071-ECC9-471B-A910-0F44C45888ED}.Release|Any CPU.Build.0 = Release|Any CPU
		{1126394A-4392-4341-8DDD-69B5C3E884D2}.Debug|Any CPU.ActiveCfg = Debug|Any CPU
		{1126394A-4392-4341-8DDD-69B5C3E884D2}.Debug|Any CPU.Build.0 = Debug|Any CPU
		{1126394A-4392-4341-8DDD-69B5C3E884D2}.Release|Any CPU.ActiveCfg = Release|Any CPU
		{1126394A-4392-4341-8DDD-69B5C3E884D2}.Release|Any CPU.Build.0 = Release|Any CPU
		{6CCBB4F4-FA97-4153-BB0B-BD84772DC8B5}.Debug|Any CPU.ActiveCfg = Debug|Any CPU
		{6CCBB4F4-FA97-4153-BB0B-BD84772DC8B5}.Debug|Any CPU.Build.0 = Debug|Any CPU
		{6CCBB4F4-FA97-4153-BB0B-BD84772DC8B5}.Release|Any CPU.ActiveCfg = Release|Any CPU
		{6CCBB4F4-FA97-4153-BB0B-BD84772DC8B5}.Release|Any CPU.Build.0 = Release|Any CPU
		{51481C63-5D59-4AE1-927A-C94276B63C72}.Debug|Any CPU.ActiveCfg = Debug|x86
		{51481C63-5D59-4AE1-927A-C94276B63C72}.Debug|Any CPU.Build.0 = Debug|x86
		{51481C63-5D59-4AE1-927A-C94276B63C72}.Release|Any CPU.ActiveCfg = Release|x86
		{51481C63-5D59-4AE1-927A-C94276B63C72}.Release|Any CPU.Build.0 = Release|x86
		{462F6E9F-AEA9-4867-BA16-B29A07619856}.Debug|Any CPU.ActiveCfg = Debug|Any CPU
		{462F6E9F-AEA9-4867-BA16-B29A07619856}.Debug|Any CPU.Build.0 = Debug|Any CPU
		{462F6E9F-AEA9-4867-BA16-B29A07619856}.Release|Any CPU.ActiveCfg = Release|Any CPU
		{462F6E9F-AEA9-4867-BA16-B29A07619856}.Release|Any CPU.Build.0 = Release|Any CPU
		{B62CB374-31D6-430D-A1E5-9AC2F8461B0E}.Debug|Any CPU.ActiveCfg = Debug|Any CPU
		{B62CB374-31D6-430D-A1E5-9AC2F8461B0E}.Debug|Any CPU.Build.0 = Debug|Any CPU
		{B62CB374-31D6-430D-A1E5-9AC2F8461B0E}.Release|Any CPU.ActiveCfg = Release|Any CPU
		{B62CB374-31D6-430D-A1E5-9AC2F8461B0E}.Release|Any CPU.Build.0 = Release|Any CPU
		{FE1A92DD-0F4E-45FC-AB29-405C701298FA}.Debug|Any CPU.ActiveCfg = Debug|Any CPU
		{FE1A92DD-0F4E-45FC-AB29-405C701298FA}.Debug|Any CPU.Build.0 = Debug|Any CPU
		{FE1A92DD-0F4E-45FC-AB29-405C701298FA}.Release|Any CPU.ActiveCfg = Release|Any CPU
		{FE1A92DD-0F4E-45FC-AB29-405C701298FA}.Release|Any CPU.Build.0 = Release|Any CPU
		{7FC69DC5-96D0-460C-963B-81E5FE6057E4}.Debug|Any CPU.ActiveCfg = Debug|Any CPU
		{7FC69DC5-96D0-460C-963B-81E5FE6057E4}.Debug|Any CPU.Build.0 = Debug|Any CPU
		{7FC69DC5-96D0-460C-963B-81E5FE6057E4}.Release|Any CPU.ActiveCfg = Release|Any CPU
		{7FC69DC5-96D0-460C-963B-81E5FE6057E4}.Release|Any CPU.Build.0 = Release|Any CPU
		{1A10E450-C592-4B01-B66F-632D0079CA3B}.Debug|Any CPU.ActiveCfg = Debug|Any CPU
		{1A10E450-C592-4B01-B66F-632D0079CA3B}.Debug|Any CPU.Build.0 = Debug|Any CPU
		{1A10E450-C592-4B01-B66F-632D0079CA3B}.Release|Any CPU.ActiveCfg = Release|Any CPU
		{1A10E450-C592-4B01-B66F-632D0079CA3B}.Release|Any CPU.Build.0 = Release|Any CPU
		{F64C8161-D6E3-4D78-88DB-C1787F4FE981}.Debug|Any CPU.ActiveCfg = Debug|Any CPU
		{F64C8161-D6E3-4D78-88DB-C1787F4FE981}.Debug|Any CPU.Build.0 = Debug|Any CPU
		{F64C8161-D6E3-4D78-88DB-C1787F4FE981}.Release|Any CPU.ActiveCfg = Release|Any CPU
		{F64C8161-D6E3-4D78-88DB-C1787F4FE981}.Release|Any CPU.Build.0 = Release|Any CPU
		{C06E1D15-0D0D-44B3-BF74-1B2C616F9EE5}.Debug|Any CPU.ActiveCfg = Debug|Any CPU
		{C06E1D15-0D0D-44B3-BF74-1B2C616F9EE5}.Debug|Any CPU.Build.0 = Debug|Any CPU
		{C06E1D15-0D0D-44B3-BF74-1B2C616F9EE5}.Release|Any CPU.ActiveCfg = Release|Any CPU
		{C06E1D15-0D0D-44B3-BF74-1B2C616F9EE5}.Release|Any CPU.Build.0 = Release|Any CPU
		{41452BE0-6F2D-4266-A104-79170A358A42}.Debug|Any CPU.ActiveCfg = Debug|x86
		{41452BE0-6F2D-4266-A104-79170A358A42}.Debug|Any CPU.Build.0 = Debug|x86
		{41452BE0-6F2D-4266-A104-79170A358A42}.Release|Any CPU.ActiveCfg = Release|x86
		{41452BE0-6F2D-4266-A104-79170A358A42}.Release|Any CPU.Build.0 = Release|x86
		{3E3D12F9-10B1-4C54-8214-36E04F9225C7}.Debug|Any CPU.ActiveCfg = Debug|x86
		{3E3D12F9-10B1-4C54-8214-36E04F9225C7}.Debug|Any CPU.Build.0 = Debug|x86
		{3E3D12F9-10B1-4C54-8214-36E04F9225C7}.Release|Any CPU.ActiveCfg = Release|Any CPU
		{3E3D12F9-10B1-4C54-8214-36E04F9225C7}.Release|Any CPU.Build.0 = Release|Any CPU
		{929CC021-A694-43C2-B7D0-57FB7734053A}.Debug|Any CPU.ActiveCfg = Debug|Any CPU
		{929CC021-A694-43C2-B7D0-57FB7734053A}.Debug|Any CPU.Build.0 = Debug|Any CPU
		{929CC021-A694-43C2-B7D0-57FB7734053A}.Release|Any CPU.ActiveCfg = Release|Any CPU
		{929CC021-A694-43C2-B7D0-57FB7734053A}.Release|Any CPU.Build.0 = Release|Any CPU
		{440DDE7C-1DC1-4F35-AE7D-8E2595FB15A8}.Debug|Any CPU.ActiveCfg = Debug|Any CPU
		{440DDE7C-1DC1-4F35-AE7D-8E2595FB15A8}.Debug|Any CPU.Build.0 = Debug|Any CPU
		{440DDE7C-1DC1-4F35-AE7D-8E2595FB15A8}.Release|Any CPU.ActiveCfg = Release|Any CPU
		{440DDE7C-1DC1-4F35-AE7D-8E2595FB15A8}.Release|Any CPU.Build.0 = Release|Any CPU
		{E1BD8F93-22AF-4ADD-9D19-482968C3635F}.Debug|Any CPU.ActiveCfg = Debug|Any CPU
		{E1BD8F93-22AF-4ADD-9D19-482968C3635F}.Debug|Any CPU.Build.0 = Debug|Any CPU
		{E1BD8F93-22AF-4ADD-9D19-482968C3635F}.Release|Any CPU.ActiveCfg = Release|Any CPU
		{E1BD8F93-22AF-4ADD-9D19-482968C3635F}.Release|Any CPU.Build.0 = Release|Any CPU
		{976E9A89-20E4-485C-A91A-3FEB219495BC}.Debug|Any CPU.ActiveCfg = Debug|Any CPU
		{976E9A89-20E4-485C-A91A-3FEB219495BC}.Debug|Any CPU.Build.0 = Debug|Any CPU
		{976E9A89-20E4-485C-A91A-3FEB219495BC}.Release|Any CPU.ActiveCfg = Release|Any CPU
		{976E9A89-20E4-485C-A91A-3FEB219495BC}.Release|Any CPU.Build.0 = Release|Any CPU
		{0F99A08E-E08F-4FFE-884B-C27AD252E1D5}.Debug|Any CPU.ActiveCfg = Debug|x86
		{0F99A08E-E08F-4FFE-884B-C27AD252E1D5}.Debug|Any CPU.Build.0 = Debug|x86
		{0F99A08E-E08F-4FFE-884B-C27AD252E1D5}.Release|Any CPU.ActiveCfg = Release|Any CPU
		{0F99A08E-E08F-4FFE-884B-C27AD252E1D5}.Release|Any CPU.Build.0 = Release|Any CPU
		{AD2A34BD-2E69-48BB-B738-863D70B3E65F}.Debug|Any CPU.ActiveCfg = Debug|x86
		{AD2A34BD-2E69-48BB-B738-863D70B3E65F}.Debug|Any CPU.Build.0 = Debug|x86
		{AD2A34BD-2E69-48BB-B738-863D70B3E65F}.Release|Any CPU.ActiveCfg = Release|Any CPU
		{AD2A34BD-2E69-48BB-B738-863D70B3E65F}.Release|Any CPU.Build.0 = Release|Any CPU
		{C0D3B812-17A9-446C-8F98-6066F35BC982}.Debug|Any CPU.ActiveCfg = Debug|Any CPU
		{C0D3B812-17A9-446C-8F98-6066F35BC982}.Debug|Any CPU.Build.0 = Debug|Any CPU
		{C0D3B812-17A9-446C-8F98-6066F35BC982}.Release|Any CPU.ActiveCfg = Release|Any CPU
		{C0D3B812-17A9-446C-8F98-6066F35BC982}.Release|Any CPU.Build.0 = Release|Any CPU
		{CE79DD1B-DC92-42BF-9AA9-579A264F9E72}.Debug|Any CPU.ActiveCfg = Debug|Any CPU
		{CE79DD1B-DC92-42BF-9AA9-579A264F9E72}.Debug|Any CPU.Build.0 = Debug|Any CPU
		{CE79DD1B-DC92-42BF-9AA9-579A264F9E72}.Release|Any CPU.ActiveCfg = Release|Any CPU
		{CE79DD1B-DC92-42BF-9AA9-579A264F9E72}.Release|Any CPU.Build.0 = Release|Any CPU
		{B51EC290-0462-4B8D-9762-E521A80688CB}.Debug|Any CPU.ActiveCfg = Debug|Any CPU
		{B51EC290-0462-4B8D-9762-E521A80688CB}.Debug|Any CPU.Build.0 = Debug|Any CPU
		{B51EC290-0462-4B8D-9762-E521A80688CB}.Release|Any CPU.ActiveCfg = Release|Any CPU
		{B51EC290-0462-4B8D-9762-E521A80688CB}.Release|Any CPU.Build.0 = Release|Any CPU
		{010E1BBD-BE45-4810-92D1-BF40EAC746DF}.Debug|Any CPU.ActiveCfg = Debug|Any CPU
		{010E1BBD-BE45-4810-92D1-BF40EAC746DF}.Debug|Any CPU.Build.0 = Debug|Any CPU
		{010E1BBD-BE45-4810-92D1-BF40EAC746DF}.Release|Any CPU.ActiveCfg = Release|Any CPU
		{010E1BBD-BE45-4810-92D1-BF40EAC746DF}.Release|Any CPU.Build.0 = Release|Any CPU
		{A67AE778-8F3A-49B0-B68E-DD199E1AACC8}.Debug|Any CPU.ActiveCfg = Debug|Any CPU
		{A67AE778-8F3A-49B0-B68E-DD199E1AACC8}.Debug|Any CPU.Build.0 = Debug|Any CPU
		{A67AE778-8F3A-49B0-B68E-DD199E1AACC8}.Release|Any CPU.ActiveCfg = Release|Any CPU
		{A67AE778-8F3A-49B0-B68E-DD199E1AACC8}.Release|Any CPU.Build.0 = Release|Any CPU
		{AFABF0B3-AB8E-4521-9E9C-329D865E88F1}.Debug|Any CPU.ActiveCfg = Debug|Any CPU
		{AFABF0B3-AB8E-4521-9E9C-329D865E88F1}.Debug|Any CPU.Build.0 = Debug|Any CPU
		{AFABF0B3-AB8E-4521-9E9C-329D865E88F1}.Release|Any CPU.ActiveCfg = Release|Any CPU
		{AFABF0B3-AB8E-4521-9E9C-329D865E88F1}.Release|Any CPU.Build.0 = Release|Any CPU
		{D129596A-42D4-4C98-8315-0AF63F760E9E}.Debug|Any CPU.ActiveCfg = Debug|Any CPU
		{D129596A-42D4-4C98-8315-0AF63F760E9E}.Debug|Any CPU.Build.0 = Debug|Any CPU
		{D129596A-42D4-4C98-8315-0AF63F760E9E}.Release|Any CPU.ActiveCfg = Release|Any CPU
		{D129596A-42D4-4C98-8315-0AF63F760E9E}.Release|Any CPU.Build.0 = Release|Any CPU
		{17A058ED-8470-464B-AAF7-BADC4A2AEF42}.Debug|Any CPU.ActiveCfg = Debug|Any CPU
		{17A058ED-8470-464B-AAF7-BADC4A2AEF42}.Debug|Any CPU.Build.0 = Debug|Any CPU
		{17A058ED-8470-464B-AAF7-BADC4A2AEF42}.Release|Any CPU.ActiveCfg = Release|Any CPU
		{17A058ED-8470-464B-AAF7-BADC4A2AEF42}.Release|Any CPU.Build.0 = Release|Any CPU
		{8C110810-FEAB-499B-BEEE-506A72EDFF38}.Debug|Any CPU.ActiveCfg = Debug|Any CPU
		{8C110810-FEAB-499B-BEEE-506A72EDFF38}.Debug|Any CPU.Build.0 = Debug|Any CPU
		{8C110810-FEAB-499B-BEEE-506A72EDFF38}.Release|Any CPU.ActiveCfg = Release|Any CPU
		{8C110810-FEAB-499B-BEEE-506A72EDFF38}.Release|Any CPU.Build.0 = Release|Any CPU
		{9C018A49-B8AC-4C5B-B572-717C25A28542}.Debug|Any CPU.ActiveCfg = Debug|Any CPU
		{9C018A49-B8AC-4C5B-B572-717C25A28542}.Debug|Any CPU.Build.0 = Debug|Any CPU
		{9C018A49-B8AC-4C5B-B572-717C25A28542}.Release|Any CPU.ActiveCfg = Release|Any CPU
		{9C018A49-B8AC-4C5B-B572-717C25A28542}.Release|Any CPU.Build.0 = Release|Any CPU
		{A96A4017-26D0-4EB9-B4B2-C533A7165D42}.Debug|Any CPU.ActiveCfg = Debug|Any CPU
		{A96A4017-26D0-4EB9-B4B2-C533A7165D42}.Debug|Any CPU.Build.0 = Debug|Any CPU
		{A96A4017-26D0-4EB9-B4B2-C533A7165D42}.Release|Any CPU.ActiveCfg = Release|Any CPU
		{A96A4017-26D0-4EB9-B4B2-C533A7165D42}.Release|Any CPU.Build.0 = Release|Any CPU
	EndGlobalSection
	GlobalSection(SolutionProperties) = preSolution
		HideSolutionNode = FALSE
	EndGlobalSection
	GlobalSection(NestedProjects) = preSolution
		{AEEBB65D-1023-4AC2-A280-4639E085CDB5} = {7233A430-352D-4BF2-B349-B3767E8E3EDE}
		{1126394A-4392-4341-8DDD-69B5C3E884D2} = {7233A430-352D-4BF2-B349-B3767E8E3EDE}
		{51481C63-5D59-4AE1-927A-C94276B63C72} = {7233A430-352D-4BF2-B349-B3767E8E3EDE}
		{F64C8161-D6E3-4D78-88DB-C1787F4FE981} = {7233A430-352D-4BF2-B349-B3767E8E3EDE}
		{C06E1D15-0D0D-44B3-BF74-1B2C616F9EE5} = {7233A430-352D-4BF2-B349-B3767E8E3EDE}
		{41452BE0-6F2D-4266-A104-79170A358A42} = {7233A430-352D-4BF2-B349-B3767E8E3EDE}
		{727C0B37-1E31-49BB-927A-A93DAC558C52} = {7233A430-352D-4BF2-B349-B3767E8E3EDE}
		{929CC021-A694-43C2-B7D0-57FB7734053A} = {7233A430-352D-4BF2-B349-B3767E8E3EDE}
		{440DDE7C-1DC1-4F35-AE7D-8E2595FB15A8} = {7233A430-352D-4BF2-B349-B3767E8E3EDE}
		{0F99A08E-E08F-4FFE-884B-C27AD252E1D5} = {7233A430-352D-4BF2-B349-B3767E8E3EDE}
		{AD2A34BD-2E69-48BB-B738-863D70B3E65F} = {7233A430-352D-4BF2-B349-B3767E8E3EDE}
		{462F6E9F-AEA9-4867-BA16-B29A07619856} = {AB1C50A9-6C0A-4A9C-9AB2-CC1AAEAB10B9}
		{B62CB374-31D6-430D-A1E5-9AC2F8461B0E} = {AB1C50A9-6C0A-4A9C-9AB2-CC1AAEAB10B9}
		{FE1A92DD-0F4E-45FC-AB29-405C701298FA} = {AB1C50A9-6C0A-4A9C-9AB2-CC1AAEAB10B9}
		{6CCBB4F4-FA97-4153-BB0B-BD84772DC8B5} = {AB1C50A9-6C0A-4A9C-9AB2-CC1AAEAB10B9}
		{7FC69DC5-96D0-460C-963B-81E5FE6057E4} = {AB1C50A9-6C0A-4A9C-9AB2-CC1AAEAB10B9}
		{1A10E450-C592-4B01-B66F-632D0079CA3B} = {AB1C50A9-6C0A-4A9C-9AB2-CC1AAEAB10B9}
		{E1BD8F93-22AF-4ADD-9D19-482968C3635F} = {AB1C50A9-6C0A-4A9C-9AB2-CC1AAEAB10B9}
		{976E9A89-20E4-485C-A91A-3FEB219495BC} = {AB1C50A9-6C0A-4A9C-9AB2-CC1AAEAB10B9}
		{C0D3B812-17A9-446C-8F98-6066F35BC982} = {AB1C50A9-6C0A-4A9C-9AB2-CC1AAEAB10B9}
		{CE79DD1B-DC92-42BF-9AA9-579A264F9E72} = {AB1C50A9-6C0A-4A9C-9AB2-CC1AAEAB10B9}
		{B51EC290-0462-4B8D-9762-E521A80688CB} = {AB1C50A9-6C0A-4A9C-9AB2-CC1AAEAB10B9}
		{010E1BBD-BE45-4810-92D1-BF40EAC746DF} = {AB1C50A9-6C0A-4A9C-9AB2-CC1AAEAB10B9}
		{A67AE778-8F3A-49B0-B68E-DD199E1AACC8} = {AB1C50A9-6C0A-4A9C-9AB2-CC1AAEAB10B9}
		{AFABF0B3-AB8E-4521-9E9C-329D865E88F1} = {AB1C50A9-6C0A-4A9C-9AB2-CC1AAEAB10B9}
		{17A058ED-8470-464B-AAF7-BADC4A2AEF42} = {AB1C50A9-6C0A-4A9C-9AB2-CC1AAEAB10B9}
		{8C110810-FEAB-499B-BEEE-506A72EDFF38} = {AB1C50A9-6C0A-4A9C-9AB2-CC1AAEAB10B9}
		{9C018A49-B8AC-4C5B-B572-717C25A28542} = {AB1C50A9-6C0A-4A9C-9AB2-CC1AAEAB10B9}
		{A96A4017-26D0-4EB9-B4B2-C533A7165D42} = {AB1C50A9-6C0A-4A9C-9AB2-CC1AAEAB10B9}
		{D129596A-42D4-4C98-8315-0AF63F760E9E} = {8EA7C732-C1B4-4E1A-B0F7-53D3E18F564A}
	EndGlobalSection
EndGlobal
