
Microsoft Visual Studio Solution File, Format Version 12.00
# Visual Studio Version 16
VisualStudioVersion = 16.0.29509.3
MinimumVisualStudioVersion = 10.0.40219.1
Project("{FAE04EC0-301F-11D3-BF4B-00C04F79EFBC}") = "ManagedIrbis", "Classic\Libs\ManagedIrbis\ManagedIrbis.csproj", "{727C0B37-1E31-49BB-927A-A93DAC558C52}"
EndProject
Project("{FAE04EC0-301F-11D3-BF4B-00C04F79EFBC}") = "AM.Core", "Classic\Libs\AM.Core\AM.Core.csproj", "{1126394A-4392-4341-8DDD-69B5C3E884D2}"
EndProject
Project("{FAE04EC0-301F-11D3-BF4B-00C04F79EFBC}") = "MoonIrbis", "Classic\Apps\MoonIrbis\MoonIrbis.csproj", "{6CCBB4F4-FA97-4153-BB0B-BD84772DC8B5}"
EndProject
Project("{FAE04EC0-301F-11D3-BF4B-00C04F79EFBC}") = "AM.Drawing", "Classic\Libs\AM.Drawing\AM.Drawing.csproj", "{F64C8161-D6E3-4D78-88DB-C1787F4FE981}"
EndProject
Project("{FAE04EC0-301F-11D3-BF4B-00C04F79EFBC}") = "AM.Windows.Forms", "Classic\Libs\AM.Windows.Forms\AM.Windows.Forms.csproj", "{C06E1D15-0D0D-44B3-BF74-1B2C616F9EE5}"
EndProject
Project("{FAE04EC0-301F-11D3-BF4B-00C04F79EFBC}") = "IrbisUI", "Classic\Libs\IrbisUI\IrbisUI.csproj", "{AEEBB65D-1023-4AC2-A280-4639E085CDB5}"
EndProject
Project("{FAE04EC0-301F-11D3-BF4B-00C04F79EFBC}") = "Garfield", "Classic\Apps\Garfield\Garfield.csproj", "{E1BD8F93-22AF-4ADD-9D19-482968C3635F}"
EndProject
Project("{FAE04EC0-301F-11D3-BF4B-00C04F79EFBC}") = "RestfulIrbis", "Classic\Libs\RestfulIrbis\RestfulIrbis.csproj", "{EC495BFC-5F13-4A85-B632-83FDFCDAA5FF}"
EndProject
Project("{FAE04EC0-301F-11D3-BF4B-00C04F79EFBC}") = "ViewDeleted", "Classic\Apps\ViewDeleted\ViewDeleted.csproj", "{B8F18EFD-1C28-438B-9D74-1B067F89544E}"
EndProject
Project("{FAE04EC0-301F-11D3-BF4B-00C04F79EFBC}") = "ManagedIrbis.Web", "Classic\Libs\ManagedIrbis.Web\ManagedIrbis.Web.csproj", "{91CEF828-1675-4B97-9C01-412E197EF902}"
EndProject
Project("{FAE04EC0-301F-11D3-BF4B-00C04F79EFBC}") = "AM.Web", "Classic\Libs\AM.Web\AM.Web.csproj", "{EAB967AB-A37A-4C1A-95AF-EDE878296E40}"
EndProject
Project("{FAE04EC0-301F-11D3-BF4B-00C04F79EFBC}") = "AM.Istu", "Classic\Libs\AM.Istu\AM.Istu.csproj", "{440DDE7C-1DC1-4F35-AE7D-8E2595FB15A8}"
EndProject
Project("{FAE04EC0-301F-11D3-BF4B-00C04F79EFBC}") = "AM.Ocr", "Classic\Libs\AM.Ocr\AM.Ocr.csproj", "{AD2A34BD-2E69-48BB-B738-863D70B3E65F}"
EndProject
Project("{FAE04EC0-301F-11D3-BF4B-00C04F79EFBC}") = "AM.Suggestions", "Classic\Libs\AM.Suggestions\AM.Suggestions.csproj", "{929CC021-A694-43C2-B7D0-57FB7734053A}"
EndProject
Project("{FAE04EC0-301F-11D3-BF4B-00C04F79EFBC}") = "mx64", "Classic\Apps\mx64\mx64.csproj", "{976E9A89-20E4-485C-A91A-3FEB219495BC}"
EndProject
Project("{FAE04EC0-301F-11D3-BF4B-00C04F79EFBC}") = "IrbisNetServer", "Classic\Apps\IrbisNetServer\IrbisNetServer.csproj", "{715B7BC0-75BA-42A1-80D0-18F08F8B9CB1}"
EndProject
Project("{FAE04EC0-301F-11D3-BF4B-00C04F79EFBC}") = "IrbisNetService", "Classic\Apps\IrbisNetService\IrbisNetService.csproj", "{B14268C2-AABA-403E-9B75-0E2156A63D58}"
EndProject
Project("{FAE04EC0-301F-11D3-BF4B-00C04F79EFBC}") = "UnitTests", "UnitTests\UnitTests.csproj", "{FB0B6071-ECC9-471B-A910-0F44C45888ED}"
EndProject
Project("{FAE04EC0-301F-11D3-BF4B-00C04F79EFBC}") = "AM.AOT", "Classic\Libs\AM.AOT\AM.AOT.csproj", "{0F99A08E-E08F-4FFE-884B-C27AD252E1D5}"
EndProject
Project("{FAE04EC0-301F-11D3-BF4B-00C04F79EFBC}") = "UnsafeIrbis", "Classic\Libs\UnsafeIrbis\UnsafeIrbis.csproj", "{8BAFADDC-4DE1-4902-B901-93DAF68742D8}"
EndProject
Project("{FAE04EC0-301F-11D3-BF4B-00C04F79EFBC}") = "AM.Asn1", "Classic\Libs\AM.Asn1\AM.Asn1.csproj", "{FAFFFFD8-B105-4475-AC54-BA4CF34A629A}"
EndProject
Project("{FAE04EC0-301F-11D3-BF4B-00C04F79EFBC}") = "IrbisPing", "Classic\Apps\IrbisPing\IrbisPing.csproj", "{1CCC6888-E4BD-4002-8D61-C69AB843EEF7}"
EndProject
Project("{FAE04EC0-301F-11D3-BF4B-00C04F79EFBC}") = "IstuPubl", "Classic\Apps\IstuPubl\IstuPubl.csproj", "{0733C2F8-447E-477F-8A34-1132464BF6FD}"
EndProject
Project("{FAE04EC0-301F-11D3-BF4B-00C04F79EFBC}") = "CountOldBooks", "Classic\Apps\CountOldBooks\CountOldBooks.csproj", "{96F20F37-39F8-4B0D-9994-051D76DF9FEF}"
EndProject
Project("{FAE04EC0-301F-11D3-BF4B-00C04F79EFBC}") = "Chronicle", "Classic\Apps\Chronicle\Chronicle.csproj", "{1505A106-CB6B-4E13-875A-5AE318A07DAB}"
EndProject
Global
	GlobalSection(SolutionConfigurationPlatforms) = preSolution
		Debug|Any CPU = Debug|Any CPU
		Debug|x86 = Debug|x86
		Release|Any CPU = Release|Any CPU
		Release|x86 = Release|x86
	EndGlobalSection
	GlobalSection(ProjectConfigurationPlatforms) = postSolution
		{727C0B37-1E31-49BB-927A-A93DAC558C52}.Debug|Any CPU.ActiveCfg = Debug|Any CPU
		{727C0B37-1E31-49BB-927A-A93DAC558C52}.Debug|Any CPU.Build.0 = Debug|Any CPU
		{727C0B37-1E31-49BB-927A-A93DAC558C52}.Debug|x86.ActiveCfg = Debug|Any CPU
		{727C0B37-1E31-49BB-927A-A93DAC558C52}.Debug|x86.Build.0 = Debug|Any CPU
		{727C0B37-1E31-49BB-927A-A93DAC558C52}.Release|Any CPU.ActiveCfg = Release|Any CPU
		{727C0B37-1E31-49BB-927A-A93DAC558C52}.Release|Any CPU.Build.0 = Release|Any CPU
		{727C0B37-1E31-49BB-927A-A93DAC558C52}.Release|x86.ActiveCfg = Release|Any CPU
		{727C0B37-1E31-49BB-927A-A93DAC558C52}.Release|x86.Build.0 = Release|Any CPU
		{1126394A-4392-4341-8DDD-69B5C3E884D2}.Debug|Any CPU.ActiveCfg = Debug|Any CPU
		{1126394A-4392-4341-8DDD-69B5C3E884D2}.Debug|Any CPU.Build.0 = Debug|Any CPU
		{1126394A-4392-4341-8DDD-69B5C3E884D2}.Debug|x86.ActiveCfg = Debug|Any CPU
		{1126394A-4392-4341-8DDD-69B5C3E884D2}.Debug|x86.Build.0 = Debug|Any CPU
		{1126394A-4392-4341-8DDD-69B5C3E884D2}.Release|Any CPU.ActiveCfg = Release|Any CPU
		{1126394A-4392-4341-8DDD-69B5C3E884D2}.Release|Any CPU.Build.0 = Release|Any CPU
		{1126394A-4392-4341-8DDD-69B5C3E884D2}.Release|x86.ActiveCfg = Release|Any CPU
		{1126394A-4392-4341-8DDD-69B5C3E884D2}.Release|x86.Build.0 = Release|Any CPU
		{6CCBB4F4-FA97-4153-BB0B-BD84772DC8B5}.Debug|Any CPU.ActiveCfg = Debug|Any CPU
		{6CCBB4F4-FA97-4153-BB0B-BD84772DC8B5}.Debug|Any CPU.Build.0 = Debug|Any CPU
		{6CCBB4F4-FA97-4153-BB0B-BD84772DC8B5}.Debug|x86.ActiveCfg = Debug|Any CPU
		{6CCBB4F4-FA97-4153-BB0B-BD84772DC8B5}.Debug|x86.Build.0 = Debug|Any CPU
		{6CCBB4F4-FA97-4153-BB0B-BD84772DC8B5}.Release|Any CPU.ActiveCfg = Release|Any CPU
		{6CCBB4F4-FA97-4153-BB0B-BD84772DC8B5}.Release|Any CPU.Build.0 = Release|Any CPU
		{6CCBB4F4-FA97-4153-BB0B-BD84772DC8B5}.Release|x86.ActiveCfg = Release|Any CPU
		{6CCBB4F4-FA97-4153-BB0B-BD84772DC8B5}.Release|x86.Build.0 = Release|Any CPU
		{F64C8161-D6E3-4D78-88DB-C1787F4FE981}.Debug|Any CPU.ActiveCfg = Debug|Any CPU
		{F64C8161-D6E3-4D78-88DB-C1787F4FE981}.Debug|Any CPU.Build.0 = Debug|Any CPU
		{F64C8161-D6E3-4D78-88DB-C1787F4FE981}.Debug|x86.ActiveCfg = Debug|Any CPU
		{F64C8161-D6E3-4D78-88DB-C1787F4FE981}.Debug|x86.Build.0 = Debug|Any CPU
		{F64C8161-D6E3-4D78-88DB-C1787F4FE981}.Release|Any CPU.ActiveCfg = Release|Any CPU
		{F64C8161-D6E3-4D78-88DB-C1787F4FE981}.Release|Any CPU.Build.0 = Release|Any CPU
		{F64C8161-D6E3-4D78-88DB-C1787F4FE981}.Release|x86.ActiveCfg = Release|Any CPU
		{F64C8161-D6E3-4D78-88DB-C1787F4FE981}.Release|x86.Build.0 = Release|Any CPU
		{C06E1D15-0D0D-44B3-BF74-1B2C616F9EE5}.Debug|Any CPU.ActiveCfg = Debug|Any CPU
		{C06E1D15-0D0D-44B3-BF74-1B2C616F9EE5}.Debug|Any CPU.Build.0 = Debug|Any CPU
		{C06E1D15-0D0D-44B3-BF74-1B2C616F9EE5}.Debug|x86.ActiveCfg = Debug|Any CPU
		{C06E1D15-0D0D-44B3-BF74-1B2C616F9EE5}.Debug|x86.Build.0 = Debug|Any CPU
		{C06E1D15-0D0D-44B3-BF74-1B2C616F9EE5}.Release|Any CPU.ActiveCfg = Release|Any CPU
		{C06E1D15-0D0D-44B3-BF74-1B2C616F9EE5}.Release|Any CPU.Build.0 = Release|Any CPU
		{C06E1D15-0D0D-44B3-BF74-1B2C616F9EE5}.Release|x86.ActiveCfg = Release|Any CPU
		{C06E1D15-0D0D-44B3-BF74-1B2C616F9EE5}.Release|x86.Build.0 = Release|Any CPU
		{AEEBB65D-1023-4AC2-A280-4639E085CDB5}.Debug|Any CPU.ActiveCfg = Debug|Any CPU
		{AEEBB65D-1023-4AC2-A280-4639E085CDB5}.Debug|Any CPU.Build.0 = Debug|Any CPU
		{AEEBB65D-1023-4AC2-A280-4639E085CDB5}.Debug|x86.ActiveCfg = Debug|Any CPU
		{AEEBB65D-1023-4AC2-A280-4639E085CDB5}.Debug|x86.Build.0 = Debug|Any CPU
		{AEEBB65D-1023-4AC2-A280-4639E085CDB5}.Release|Any CPU.ActiveCfg = Release|Any CPU
		{AEEBB65D-1023-4AC2-A280-4639E085CDB5}.Release|Any CPU.Build.0 = Release|Any CPU
		{AEEBB65D-1023-4AC2-A280-4639E085CDB5}.Release|x86.ActiveCfg = Release|Any CPU
		{AEEBB65D-1023-4AC2-A280-4639E085CDB5}.Release|x86.Build.0 = Release|Any CPU
		{E1BD8F93-22AF-4ADD-9D19-482968C3635F}.Debug|Any CPU.ActiveCfg = Debug|Any CPU
		{E1BD8F93-22AF-4ADD-9D19-482968C3635F}.Debug|Any CPU.Build.0 = Debug|Any CPU
		{E1BD8F93-22AF-4ADD-9D19-482968C3635F}.Debug|x86.ActiveCfg = Debug|Any CPU
		{E1BD8F93-22AF-4ADD-9D19-482968C3635F}.Debug|x86.Build.0 = Debug|Any CPU
		{E1BD8F93-22AF-4ADD-9D19-482968C3635F}.Release|Any CPU.ActiveCfg = Release|Any CPU
		{E1BD8F93-22AF-4ADD-9D19-482968C3635F}.Release|Any CPU.Build.0 = Release|Any CPU
		{E1BD8F93-22AF-4ADD-9D19-482968C3635F}.Release|x86.ActiveCfg = Release|Any CPU
		{E1BD8F93-22AF-4ADD-9D19-482968C3635F}.Release|x86.Build.0 = Release|Any CPU
		{EC495BFC-5F13-4A85-B632-83FDFCDAA5FF}.Debug|Any CPU.ActiveCfg = Debug|Any CPU
		{EC495BFC-5F13-4A85-B632-83FDFCDAA5FF}.Debug|Any CPU.Build.0 = Debug|Any CPU
		{EC495BFC-5F13-4A85-B632-83FDFCDAA5FF}.Debug|x86.ActiveCfg = Debug|Any CPU
		{EC495BFC-5F13-4A85-B632-83FDFCDAA5FF}.Debug|x86.Build.0 = Debug|Any CPU
		{EC495BFC-5F13-4A85-B632-83FDFCDAA5FF}.Release|Any CPU.ActiveCfg = Release|Any CPU
		{EC495BFC-5F13-4A85-B632-83FDFCDAA5FF}.Release|Any CPU.Build.0 = Release|Any CPU
		{EC495BFC-5F13-4A85-B632-83FDFCDAA5FF}.Release|x86.ActiveCfg = Release|Any CPU
		{EC495BFC-5F13-4A85-B632-83FDFCDAA5FF}.Release|x86.Build.0 = Release|Any CPU
		{B8F18EFD-1C28-438B-9D74-1B067F89544E}.Debug|Any CPU.ActiveCfg = Debug|Any CPU
		{B8F18EFD-1C28-438B-9D74-1B067F89544E}.Debug|Any CPU.Build.0 = Debug|Any CPU
		{B8F18EFD-1C28-438B-9D74-1B067F89544E}.Debug|x86.ActiveCfg = Debug|Any CPU
		{B8F18EFD-1C28-438B-9D74-1B067F89544E}.Debug|x86.Build.0 = Debug|Any CPU
		{B8F18EFD-1C28-438B-9D74-1B067F89544E}.Release|Any CPU.ActiveCfg = Release|Any CPU
		{B8F18EFD-1C28-438B-9D74-1B067F89544E}.Release|Any CPU.Build.0 = Release|Any CPU
		{B8F18EFD-1C28-438B-9D74-1B067F89544E}.Release|x86.ActiveCfg = Release|Any CPU
		{B8F18EFD-1C28-438B-9D74-1B067F89544E}.Release|x86.Build.0 = Release|Any CPU
		{91CEF828-1675-4B97-9C01-412E197EF902}.Debug|Any CPU.ActiveCfg = Debug|Any CPU
		{91CEF828-1675-4B97-9C01-412E197EF902}.Debug|Any CPU.Build.0 = Debug|Any CPU
		{91CEF828-1675-4B97-9C01-412E197EF902}.Debug|x86.ActiveCfg = Debug|Any CPU
		{91CEF828-1675-4B97-9C01-412E197EF902}.Debug|x86.Build.0 = Debug|Any CPU
		{91CEF828-1675-4B97-9C01-412E197EF902}.Release|Any CPU.ActiveCfg = Release|Any CPU
		{91CEF828-1675-4B97-9C01-412E197EF902}.Release|Any CPU.Build.0 = Release|Any CPU
		{91CEF828-1675-4B97-9C01-412E197EF902}.Release|x86.ActiveCfg = Release|Any CPU
		{91CEF828-1675-4B97-9C01-412E197EF902}.Release|x86.Build.0 = Release|Any CPU
		{EAB967AB-A37A-4C1A-95AF-EDE878296E40}.Debug|Any CPU.ActiveCfg = Debug|Any CPU
		{EAB967AB-A37A-4C1A-95AF-EDE878296E40}.Debug|Any CPU.Build.0 = Debug|Any CPU
		{EAB967AB-A37A-4C1A-95AF-EDE878296E40}.Debug|x86.ActiveCfg = Debug|Any CPU
		{EAB967AB-A37A-4C1A-95AF-EDE878296E40}.Debug|x86.Build.0 = Debug|Any CPU
		{EAB967AB-A37A-4C1A-95AF-EDE878296E40}.Release|Any CPU.ActiveCfg = Release|Any CPU
		{EAB967AB-A37A-4C1A-95AF-EDE878296E40}.Release|Any CPU.Build.0 = Release|Any CPU
		{EAB967AB-A37A-4C1A-95AF-EDE878296E40}.Release|x86.ActiveCfg = Release|Any CPU
		{EAB967AB-A37A-4C1A-95AF-EDE878296E40}.Release|x86.Build.0 = Release|Any CPU
		{440DDE7C-1DC1-4F35-AE7D-8E2595FB15A8}.Debug|Any CPU.ActiveCfg = Debug|Any CPU
		{440DDE7C-1DC1-4F35-AE7D-8E2595FB15A8}.Debug|Any CPU.Build.0 = Debug|Any CPU
		{440DDE7C-1DC1-4F35-AE7D-8E2595FB15A8}.Debug|x86.ActiveCfg = Debug|Any CPU
		{440DDE7C-1DC1-4F35-AE7D-8E2595FB15A8}.Debug|x86.Build.0 = Debug|Any CPU
		{440DDE7C-1DC1-4F35-AE7D-8E2595FB15A8}.Release|Any CPU.ActiveCfg = Release|Any CPU
		{440DDE7C-1DC1-4F35-AE7D-8E2595FB15A8}.Release|Any CPU.Build.0 = Release|Any CPU
		{440DDE7C-1DC1-4F35-AE7D-8E2595FB15A8}.Release|x86.ActiveCfg = Release|Any CPU
		{440DDE7C-1DC1-4F35-AE7D-8E2595FB15A8}.Release|x86.Build.0 = Release|Any CPU
		{AD2A34BD-2E69-48BB-B738-863D70B3E65F}.Debug|Any CPU.ActiveCfg = Debug|Any CPU
		{AD2A34BD-2E69-48BB-B738-863D70B3E65F}.Debug|Any CPU.Build.0 = Debug|Any CPU
		{AD2A34BD-2E69-48BB-B738-863D70B3E65F}.Debug|x86.ActiveCfg = Debug|x86
		{AD2A34BD-2E69-48BB-B738-863D70B3E65F}.Debug|x86.Build.0 = Debug|x86
		{AD2A34BD-2E69-48BB-B738-863D70B3E65F}.Release|Any CPU.ActiveCfg = Release|Any CPU
		{AD2A34BD-2E69-48BB-B738-863D70B3E65F}.Release|Any CPU.Build.0 = Release|Any CPU
		{AD2A34BD-2E69-48BB-B738-863D70B3E65F}.Release|x86.ActiveCfg = Release|x86
		{AD2A34BD-2E69-48BB-B738-863D70B3E65F}.Release|x86.Build.0 = Release|x86
		{929CC021-A694-43C2-B7D0-57FB7734053A}.Debug|Any CPU.ActiveCfg = Debug|Any CPU
		{929CC021-A694-43C2-B7D0-57FB7734053A}.Debug|Any CPU.Build.0 = Debug|Any CPU
		{929CC021-A694-43C2-B7D0-57FB7734053A}.Debug|x86.ActiveCfg = Debug|Any CPU
		{929CC021-A694-43C2-B7D0-57FB7734053A}.Debug|x86.Build.0 = Debug|Any CPU
		{929CC021-A694-43C2-B7D0-57FB7734053A}.Release|Any CPU.ActiveCfg = Release|Any CPU
		{929CC021-A694-43C2-B7D0-57FB7734053A}.Release|Any CPU.Build.0 = Release|Any CPU
		{929CC021-A694-43C2-B7D0-57FB7734053A}.Release|x86.ActiveCfg = Release|Any CPU
		{929CC021-A694-43C2-B7D0-57FB7734053A}.Release|x86.Build.0 = Release|Any CPU
		{976E9A89-20E4-485C-A91A-3FEB219495BC}.Debug|Any CPU.ActiveCfg = Debug|Any CPU
		{976E9A89-20E4-485C-A91A-3FEB219495BC}.Debug|Any CPU.Build.0 = Debug|Any CPU
		{976E9A89-20E4-485C-A91A-3FEB219495BC}.Debug|x86.ActiveCfg = Debug|Any CPU
		{976E9A89-20E4-485C-A91A-3FEB219495BC}.Debug|x86.Build.0 = Debug|Any CPU
		{976E9A89-20E4-485C-A91A-3FEB219495BC}.Release|Any CPU.ActiveCfg = Release|Any CPU
		{976E9A89-20E4-485C-A91A-3FEB219495BC}.Release|Any CPU.Build.0 = Release|Any CPU
		{976E9A89-20E4-485C-A91A-3FEB219495BC}.Release|x86.ActiveCfg = Release|Any CPU
		{976E9A89-20E4-485C-A91A-3FEB219495BC}.Release|x86.Build.0 = Release|Any CPU
		{715B7BC0-75BA-42A1-80D0-18F08F8B9CB1}.Debug|Any CPU.ActiveCfg = Debug|Any CPU
		{715B7BC0-75BA-42A1-80D0-18F08F8B9CB1}.Debug|Any CPU.Build.0 = Debug|Any CPU
		{715B7BC0-75BA-42A1-80D0-18F08F8B9CB1}.Debug|x86.ActiveCfg = Debug|Any CPU
		{715B7BC0-75BA-42A1-80D0-18F08F8B9CB1}.Debug|x86.Build.0 = Debug|Any CPU
		{715B7BC0-75BA-42A1-80D0-18F08F8B9CB1}.Release|Any CPU.ActiveCfg = Release|Any CPU
		{715B7BC0-75BA-42A1-80D0-18F08F8B9CB1}.Release|Any CPU.Build.0 = Release|Any CPU
		{715B7BC0-75BA-42A1-80D0-18F08F8B9CB1}.Release|x86.ActiveCfg = Release|Any CPU
		{715B7BC0-75BA-42A1-80D0-18F08F8B9CB1}.Release|x86.Build.0 = Release|Any CPU
		{B14268C2-AABA-403E-9B75-0E2156A63D58}.Debug|Any CPU.ActiveCfg = Debug|Any CPU
		{B14268C2-AABA-403E-9B75-0E2156A63D58}.Debug|Any CPU.Build.0 = Debug|Any CPU
		{B14268C2-AABA-403E-9B75-0E2156A63D58}.Debug|x86.ActiveCfg = Debug|Any CPU
		{B14268C2-AABA-403E-9B75-0E2156A63D58}.Debug|x86.Build.0 = Debug|Any CPU
		{B14268C2-AABA-403E-9B75-0E2156A63D58}.Release|Any CPU.ActiveCfg = Release|Any CPU
		{B14268C2-AABA-403E-9B75-0E2156A63D58}.Release|Any CPU.Build.0 = Release|Any CPU
		{B14268C2-AABA-403E-9B75-0E2156A63D58}.Release|x86.ActiveCfg = Release|Any CPU
		{B14268C2-AABA-403E-9B75-0E2156A63D58}.Release|x86.Build.0 = Release|Any CPU
		{FB0B6071-ECC9-471B-A910-0F44C45888ED}.Debug|Any CPU.ActiveCfg = Debug|Any CPU
		{FB0B6071-ECC9-471B-A910-0F44C45888ED}.Debug|Any CPU.Build.0 = Debug|Any CPU
		{FB0B6071-ECC9-471B-A910-0F44C45888ED}.Debug|x86.ActiveCfg = Debug|x86
		{FB0B6071-ECC9-471B-A910-0F44C45888ED}.Debug|x86.Build.0 = Debug|x86
		{FB0B6071-ECC9-471B-A910-0F44C45888ED}.Release|Any CPU.ActiveCfg = Release|Any CPU
		{FB0B6071-ECC9-471B-A910-0F44C45888ED}.Release|Any CPU.Build.0 = Release|Any CPU
		{FB0B6071-ECC9-471B-A910-0F44C45888ED}.Release|x86.ActiveCfg = Release|x86
		{FB0B6071-ECC9-471B-A910-0F44C45888ED}.Release|x86.Build.0 = Release|x86
		{0F99A08E-E08F-4FFE-884B-C27AD252E1D5}.Debug|Any CPU.ActiveCfg = Debug|Any CPU
		{0F99A08E-E08F-4FFE-884B-C27AD252E1D5}.Debug|Any CPU.Build.0 = Debug|Any CPU
		{0F99A08E-E08F-4FFE-884B-C27AD252E1D5}.Debug|x86.ActiveCfg = Debug|x86
		{0F99A08E-E08F-4FFE-884B-C27AD252E1D5}.Debug|x86.Build.0 = Debug|x86
		{0F99A08E-E08F-4FFE-884B-C27AD252E1D5}.Release|Any CPU.ActiveCfg = Release|Any CPU
		{0F99A08E-E08F-4FFE-884B-C27AD252E1D5}.Release|Any CPU.Build.0 = Release|Any CPU
		{0F99A08E-E08F-4FFE-884B-C27AD252E1D5}.Release|x86.ActiveCfg = Release|x86
		{0F99A08E-E08F-4FFE-884B-C27AD252E1D5}.Release|x86.Build.0 = Release|x86
		{8BAFADDC-4DE1-4902-B901-93DAF68742D8}.Debug|Any CPU.ActiveCfg = Debug|Any CPU
		{8BAFADDC-4DE1-4902-B901-93DAF68742D8}.Debug|Any CPU.Build.0 = Debug|Any CPU
		{8BAFADDC-4DE1-4902-B901-93DAF68742D8}.Debug|x86.ActiveCfg = Debug|Any CPU
		{8BAFADDC-4DE1-4902-B901-93DAF68742D8}.Debug|x86.Build.0 = Debug|Any CPU
		{8BAFADDC-4DE1-4902-B901-93DAF68742D8}.Release|Any CPU.ActiveCfg = Release|Any CPU
		{8BAFADDC-4DE1-4902-B901-93DAF68742D8}.Release|Any CPU.Build.0 = Release|Any CPU
		{8BAFADDC-4DE1-4902-B901-93DAF68742D8}.Release|x86.ActiveCfg = Release|Any CPU
		{8BAFADDC-4DE1-4902-B901-93DAF68742D8}.Release|x86.Build.0 = Release|Any CPU
		{FAFFFFD8-B105-4475-AC54-BA4CF34A629A}.Debug|Any CPU.ActiveCfg = Debug|Any CPU
		{FAFFFFD8-B105-4475-AC54-BA4CF34A629A}.Debug|Any CPU.Build.0 = Debug|Any CPU
		{FAFFFFD8-B105-4475-AC54-BA4CF34A629A}.Debug|x86.ActiveCfg = Debug|Any CPU
		{FAFFFFD8-B105-4475-AC54-BA4CF34A629A}.Debug|x86.Build.0 = Debug|Any CPU
		{FAFFFFD8-B105-4475-AC54-BA4CF34A629A}.Release|Any CPU.ActiveCfg = Release|Any CPU
		{FAFFFFD8-B105-4475-AC54-BA4CF34A629A}.Release|Any CPU.Build.0 = Release|Any CPU
		{FAFFFFD8-B105-4475-AC54-BA4CF34A629A}.Release|x86.ActiveCfg = Release|Any CPU
		{FAFFFFD8-B105-4475-AC54-BA4CF34A629A}.Release|x86.Build.0 = Release|Any CPU
		{1CCC6888-E4BD-4002-8D61-C69AB843EEF7}.Debug|Any CPU.ActiveCfg = Debug|Any CPU
		{1CCC6888-E4BD-4002-8D61-C69AB843EEF7}.Debug|Any CPU.Build.0 = Debug|Any CPU
		{1CCC6888-E4BD-4002-8D61-C69AB843EEF7}.Debug|x86.ActiveCfg = Debug|Any CPU
		{1CCC6888-E4BD-4002-8D61-C69AB843EEF7}.Debug|x86.Build.0 = Debug|Any CPU
		{1CCC6888-E4BD-4002-8D61-C69AB843EEF7}.Release|Any CPU.ActiveCfg = Release|Any CPU
		{1CCC6888-E4BD-4002-8D61-C69AB843EEF7}.Release|Any CPU.Build.0 = Release|Any CPU
		{1CCC6888-E4BD-4002-8D61-C69AB843EEF7}.Release|x86.ActiveCfg = Release|Any CPU
		{1CCC6888-E4BD-4002-8D61-C69AB843EEF7}.Release|x86.Build.0 = Release|Any CPU
		{0733C2F8-447E-477F-8A34-1132464BF6FD}.Debug|Any CPU.ActiveCfg = Debug|Any CPU
		{0733C2F8-447E-477F-8A34-1132464BF6FD}.Debug|Any CPU.Build.0 = Debug|Any CPU
		{0733C2F8-447E-477F-8A34-1132464BF6FD}.Debug|x86.ActiveCfg = Debug|Any CPU
		{0733C2F8-447E-477F-8A34-1132464BF6FD}.Debug|x86.Build.0 = Debug|Any CPU
		{0733C2F8-447E-477F-8A34-1132464BF6FD}.Release|Any CPU.ActiveCfg = Release|Any CPU
		{0733C2F8-447E-477F-8A34-1132464BF6FD}.Release|Any CPU.Build.0 = Release|Any CPU
		{0733C2F8-447E-477F-8A34-1132464BF6FD}.Release|x86.ActiveCfg = Release|Any CPU
		{0733C2F8-447E-477F-8A34-1132464BF6FD}.Release|x86.Build.0 = Release|Any CPU
		{96F20F37-39F8-4B0D-9994-051D76DF9FEF}.Debug|Any CPU.ActiveCfg = Debug|Any CPU
		{96F20F37-39F8-4B0D-9994-051D76DF9FEF}.Debug|Any CPU.Build.0 = Debug|Any CPU
		{96F20F37-39F8-4B0D-9994-051D76DF9FEF}.Debug|x86.ActiveCfg = Debug|Any CPU
		{96F20F37-39F8-4B0D-9994-051D76DF9FEF}.Debug|x86.Build.0 = Debug|Any CPU
		{96F20F37-39F8-4B0D-9994-051D76DF9FEF}.Release|Any CPU.ActiveCfg = Release|Any CPU
		{96F20F37-39F8-4B0D-9994-051D76DF9FEF}.Release|Any CPU.Build.0 = Release|Any CPU
		{96F20F37-39F8-4B0D-9994-051D76DF9FEF}.Release|x86.ActiveCfg = Release|Any CPU
		{96F20F37-39F8-4B0D-9994-051D76DF9FEF}.Release|x86.Build.0 = Release|Any CPU
		{1505A106-CB6B-4E13-875A-5AE318A07DAB}.Debug|Any CPU.ActiveCfg = Debug|Any CPU
		{1505A106-CB6B-4E13-875A-5AE318A07DAB}.Debug|Any CPU.Build.0 = Debug|Any CPU
		{1505A106-CB6B-4E13-875A-5AE318A07DAB}.Debug|x86.ActiveCfg = Debug|Any CPU
		{1505A106-CB6B-4E13-875A-5AE318A07DAB}.Debug|x86.Build.0 = Debug|Any CPU
		{1505A106-CB6B-4E13-875A-5AE318A07DAB}.Release|Any CPU.ActiveCfg = Release|Any CPU
		{1505A106-CB6B-4E13-875A-5AE318A07DAB}.Release|Any CPU.Build.0 = Release|Any CPU
		{1505A106-CB6B-4E13-875A-5AE318A07DAB}.Release|x86.ActiveCfg = Release|Any CPU
		{1505A106-CB6B-4E13-875A-5AE318A07DAB}.Release|x86.Build.0 = Release|Any CPU
	EndGlobalSection
	GlobalSection(SolutionProperties) = preSolution
		HideSolutionNode = FALSE
	EndGlobalSection
	GlobalSection(ExtensibilityGlobals) = postSolution
		SolutionGuid = {5123BCA7-9B64-4FAA-A3F4-BBCD6C4E1321}
	EndGlobalSection
EndGlobal
